// !$*UTF8*$!
{
	archiveVersion = 1;
	classes = {
	};
	objectVersion = 56;
	objects = {

/* Begin PBXBuildFile section */
		AFB87C122A5B9A64004A6F3C /* ContentView.swift in Sources */ = {isa = PBXBuildFile; fileRef = AFB87C112A5B9A64004A6F3C /* ContentView.swift */; };
		AFB87C142A5B9A69004A6F3C /* Assets.xcassets in Resources */ = {isa = PBXBuildFile; fileRef = AFB87C132A5B9A69004A6F3C /* Assets.xcassets */; };
		AFB87C172A5B9A69004A6F3C /* Preview Assets.xcassets in Resources */ = {isa = PBXBuildFile; fileRef = AFB87C162A5B9A69004A6F3C /* Preview Assets.xcassets */; };
		AFB87C212A5B9A69004A6F3C /* Fetch_iOS_Assignment_2Tests.swift in Sources */ = {isa = PBXBuildFile; fileRef = AFB87C202A5B9A69004A6F3C /* Fetch_iOS_Assignment_2Tests.swift */; };
		AFB87C2B2A5B9A69004A6F3C /* Fetch_iOS_Assignment_2UITests.swift in Sources */ = {isa = PBXBuildFile; fileRef = AFB87C2A2A5B9A69004A6F3C /* Fetch_iOS_Assignment_2UITests.swift */; };
		AFB87C2D2A5B9A69004A6F3C /* Fetch_iOS_Assignment_2UITestsLaunchTests.swift in Sources */ = {isa = PBXBuildFile; fileRef = AFB87C2C2A5B9A69004A6F3C /* Fetch_iOS_Assignment_2UITestsLaunchTests.swift */; };
		AFB87C3C2A5B9D1D004A6F3C /* Fetch_iOS_Assignment_2App.swift in Sources */ = {isa = PBXBuildFile; fileRef = AFB87C3B2A5B9D1D004A6F3C /* Fetch_iOS_Assignment_2App.swift */; };
/* End PBXBuildFile section */

/* Begin PBXContainerItemProxy section */
		AFB87C1D2A5B9A69004A6F3C /* PBXContainerItemProxy */ = {
			isa = PBXContainerItemProxy;
			containerPortal = AFB87C042A5B9A63004A6F3C /* Project object */;
			proxyType = 1;
			remoteGlobalIDString = AFB87C0B2A5B9A64004A6F3C;
			remoteInfo = "Fetch iOS Assignment 2";
		};
		AFB87C272A5B9A69004A6F3C /* PBXContainerItemProxy */ = {
			isa = PBXContainerItemProxy;
			containerPortal = AFB87C042A5B9A63004A6F3C /* Project object */;
			proxyType = 1;
			remoteGlobalIDString = AFB87C0B2A5B9A64004A6F3C;
			remoteInfo = "Fetch iOS Assignment 2";
		};
/* End PBXContainerItemProxy section */

/* Begin PBXFileReference section */
		AFB87C0C2A5B9A64004A6F3C /* Fetch iOS Assignment 2.app */ = {isa = PBXFileReference; explicitFileType = wrapper.application; includeInIndex = 0; path = "Fetch iOS Assignment 2.app"; sourceTree = BUILT_PRODUCTS_DIR; };
		AFB87C112A5B9A64004A6F3C /* ContentView.swift */ = {isa = PBXFileReference; lastKnownFileType = sourcecode.swift; path = ContentView.swift; sourceTree = "<group>"; };
		AFB87C132A5B9A69004A6F3C /* Assets.xcassets */ = {isa = PBXFileReference; lastKnownFileType = folder.assetcatalog; path = Assets.xcassets; sourceTree = "<group>"; };
		AFB87C162A5B9A69004A6F3C /* Preview Assets.xcassets */ = {isa = PBXFileReference; lastKnownFileType = folder.assetcatalog; path = "Preview Assets.xcassets"; sourceTree = "<group>"; };
		AFB87C1C2A5B9A69004A6F3C /* Fetch iOS Assignment 2Tests.xctest */ = {isa = PBXFileReference; explicitFileType = wrapper.cfbundle; includeInIndex = 0; path = "Fetch iOS Assignment 2Tests.xctest"; sourceTree = BUILT_PRODUCTS_DIR; };
		AFB87C202A5B9A69004A6F3C /* Fetch_iOS_Assignment_2Tests.swift */ = {isa = PBXFileReference; lastKnownFileType = sourcecode.swift; path = Fetch_iOS_Assignment_2Tests.swift; sourceTree = "<group>"; };
		AFB87C262A5B9A69004A6F3C /* Fetch iOS Assignment 2UITests.xctest */ = {isa = PBXFileReference; explicitFileType = wrapper.cfbundle; includeInIndex = 0; path = "Fetch iOS Assignment 2UITests.xctest"; sourceTree = BUILT_PRODUCTS_DIR; };
		AFB87C2A2A5B9A69004A6F3C /* Fetch_iOS_Assignment_2UITests.swift */ = {isa = PBXFileReference; lastKnownFileType = sourcecode.swift; path = Fetch_iOS_Assignment_2UITests.swift; sourceTree = "<group>"; };
		AFB87C2C2A5B9A69004A6F3C /* Fetch_iOS_Assignment_2UITestsLaunchTests.swift */ = {isa = PBXFileReference; lastKnownFileType = sourcecode.swift; path = Fetch_iOS_Assignment_2UITestsLaunchTests.swift; sourceTree = "<group>"; };
		AFB87C3B2A5B9D1D004A6F3C /* Fetch_iOS_Assignment_2App.swift */ = {isa = PBXFileReference; fileEncoding = 4; lastKnownFileType = sourcecode.swift; path = Fetch_iOS_Assignment_2App.swift; sourceTree = "<group>"; };
/* End PBXFileReference section */

/* Begin PBXFrameworksBuildPhase section */
		AFB87C092A5B9A64004A6F3C /* Frameworks */ = {
			isa = PBXFrameworksBuildPhase;
			buildActionMask = 2147483647;
			files = (
			);
			runOnlyForDeploymentPostprocessing = 0;
		};
		AFB87C192A5B9A69004A6F3C /* Frameworks */ = {
			isa = PBXFrameworksBuildPhase;
			buildActionMask = 2147483647;
			files = (
			);
			runOnlyForDeploymentPostprocessing = 0;
		};
		AFB87C232A5B9A69004A6F3C /* Frameworks */ = {
			isa = PBXFrameworksBuildPhase;
			buildActionMask = 2147483647;
			files = (
			);
			runOnlyForDeploymentPostprocessing = 0;
		};
/* End PBXFrameworksBuildPhase section */

/* Begin PBXGroup section */
		AFB87C032A5B9A63004A6F3C = {
			isa = PBXGroup;
			children = (
				AFB87C0E2A5B9A64004A6F3C /* Fetch iOS Assignment 2 */,
				AFB87C1F2A5B9A69004A6F3C /* Fetch iOS Assignment 2Tests */,
				AFB87C292A5B9A69004A6F3C /* Fetch iOS Assignment 2UITests */,
				AFB87C0D2A5B9A64004A6F3C /* Products */,
			);
			sourceTree = "<group>";
		};
		AFB87C0D2A5B9A64004A6F3C /* Products */ = {
			isa = PBXGroup;
			children = (
				AFB87C0C2A5B9A64004A6F3C /* Fetch iOS Assignment 2.app */,
				AFB87C1C2A5B9A69004A6F3C /* Fetch iOS Assignment 2Tests.xctest */,
				AFB87C262A5B9A69004A6F3C /* Fetch iOS Assignment 2UITests.xctest */,
			);
			name = Products;
			sourceTree = "<group>";
		};
		AFB87C0E2A5B9A64004A6F3C /* Fetch iOS Assignment 2 */ = {
			isa = PBXGroup;
			children = (
				AFB87C4A2A5B9E35004A6F3C /* View */,
				AFB87C492A5B9E11004A6F3C /* Model */,
				AFB87C152A5B9A69004A6F3C /* Preview Content */,
			);
			path = "Fetch iOS Assignment 2";
			sourceTree = "<group>";
		};
		AFB87C152A5B9A69004A6F3C /* Preview Content */ = {
			isa = PBXGroup;
			children = (
				AFB87C132A5B9A69004A6F3C /* Assets.xcassets */,
				AFB87C162A5B9A69004A6F3C /* Preview Assets.xcassets */,
			);
			path = "Preview Content";
			sourceTree = "<group>";
		};
		AFB87C1F2A5B9A69004A6F3C /* Fetch iOS Assignment 2Tests */ = {
			isa = PBXGroup;
			children = (
				AFB87C202A5B9A69004A6F3C /* Fetch_iOS_Assignment_2Tests.swift */,
			);
			path = "Fetch iOS Assignment 2Tests";
			sourceTree = "<group>";
		};
		AFB87C292A5B9A69004A6F3C /* Fetch iOS Assignment 2UITests */ = {
			isa = PBXGroup;
			children = (
				AFB87C2A2A5B9A69004A6F3C /* Fetch_iOS_Assignment_2UITests.swift */,
				AFB87C2C2A5B9A69004A6F3C /* Fetch_iOS_Assignment_2UITestsLaunchTests.swift */,
			);
			path = "Fetch iOS Assignment 2UITests";
			sourceTree = "<group>";
		};
		AFB87C492A5B9E11004A6F3C /* Model */ = {
			isa = PBXGroup;
			children = (
				AFB87C3B2A5B9D1D004A6F3C /* Fetch_iOS_Assignment_2App.swift */,
			);
			path = Model;
			sourceTree = "<group>";
		};
		AFB87C4A2A5B9E35004A6F3C /* View */ = {
			isa = PBXGroup;
			children = (
				AFB87C112A5B9A64004A6F3C /* ContentView.swift */,
			);
			path = View;
			sourceTree = "<group>";
		};
/* End PBXGroup section */

/* Begin PBXNativeTarget section */
		AFB87C0B2A5B9A64004A6F3C /* Fetch iOS Assignment 2 */ = {
			isa = PBXNativeTarget;
			buildConfigurationList = AFB87C302A5B9A69004A6F3C /* Build configuration list for PBXNativeTarget "Fetch iOS Assignment 2" */;
			buildPhases = (
				AFB87C082A5B9A64004A6F3C /* Sources */,
				AFB87C092A5B9A64004A6F3C /* Frameworks */,
				AFB87C0A2A5B9A64004A6F3C /* Resources */,
			);
			buildRules = (
			);
			dependencies = (
			);
			name = "Fetch iOS Assignment 2";
			productName = "Fetch iOS Assignment 2";
			productReference = AFB87C0C2A5B9A64004A6F3C /* Fetch iOS Assignment 2.app */;
			productType = "com.apple.product-type.application";
		};
		AFB87C1B2A5B9A69004A6F3C /* Fetch iOS Assignment 2Tests */ = {
			isa = PBXNativeTarget;
			buildConfigurationList = AFB87C332A5B9A69004A6F3C /* Build configuration list for PBXNativeTarget "Fetch iOS Assignment 2Tests" */;
			buildPhases = (
				AFB87C182A5B9A69004A6F3C /* Sources */,
				AFB87C192A5B9A69004A6F3C /* Frameworks */,
				AFB87C1A2A5B9A69004A6F3C /* Resources */,
			);
			buildRules = (
			);
			dependencies = (
				AFB87C1E2A5B9A69004A6F3C /* PBXTargetDependency */,
			);
			name = "Fetch iOS Assignment 2Tests";
			productName = "Fetch iOS Assignment 2Tests";
			productReference = AFB87C1C2A5B9A69004A6F3C /* Fetch iOS Assignment 2Tests.xctest */;
			productType = "com.apple.product-type.bundle.unit-test";
		};
		AFB87C252A5B9A69004A6F3C /* Fetch iOS Assignment 2UITests */ = {
			isa = PBXNativeTarget;
			buildConfigurationList = AFB87C362A5B9A69004A6F3C /* Build configuration list for PBXNativeTarget "Fetch iOS Assignment 2UITests" */;
			buildPhases = (
				AFB87C222A5B9A69004A6F3C /* Sources */,
				AFB87C232A5B9A69004A6F3C /* Frameworks */,
				AFB87C242A5B9A69004A6F3C /* Resources */,
			);
			buildRules = (
			);
			dependencies = (
				AFB87C282A5B9A69004A6F3C /* PBXTargetDependency */,
			);
			name = "Fetch iOS Assignment 2UITests";
			productName = "Fetch iOS Assignment 2UITests";
			productReference = AFB87C262A5B9A69004A6F3C /* Fetch iOS Assignment 2UITests.xctest */;
			productType = "com.apple.product-type.bundle.ui-testing";
		};
/* End PBXNativeTarget section */

/* Begin PBXProject section */
		AFB87C042A5B9A63004A6F3C /* Project object */ = {
			isa = PBXProject;
			attributes = {
				BuildIndependentTargetsInParallel = 1;
				LastSwiftUpdateCheck = 1430;
				LastUpgradeCheck = 1430;
				TargetAttributes = {
					AFB87C0B2A5B9A64004A6F3C = {
						CreatedOnToolsVersion = 14.3.1;
					};
					AFB87C1B2A5B9A69004A6F3C = {
						CreatedOnToolsVersion = 14.3.1;
						TestTargetID = AFB87C0B2A5B9A64004A6F3C;
					};
					AFB87C252A5B9A69004A6F3C = {
						CreatedOnToolsVersion = 14.3.1;
						TestTargetID = AFB87C0B2A5B9A64004A6F3C;
					};
				};
			};
			buildConfigurationList = AFB87C072A5B9A63004A6F3C /* Build configuration list for PBXProject "Fetch iOS Assignment 2" */;
			compatibilityVersion = "Xcode 14.0";
			developmentRegion = en;
			hasScannedForEncodings = 0;
			knownRegions = (
				en,
				Base,
			);
			mainGroup = AFB87C032A5B9A63004A6F3C;
			productRefGroup = AFB87C0D2A5B9A64004A6F3C /* Products */;
			projectDirPath = "";
			projectRoot = "";
			targets = (
				AFB87C0B2A5B9A64004A6F3C /* Fetch iOS Assignment 2 */,
				AFB87C1B2A5B9A69004A6F3C /* Fetch iOS Assignment 2Tests */,
				AFB87C252A5B9A69004A6F3C /* Fetch iOS Assignment 2UITests */,
			);
		};
/* End PBXProject section */

/* Begin PBXResourcesBuildPhase section */
		AFB87C0A2A5B9A64004A6F3C /* Resources */ = {
			isa = PBXResourcesBuildPhase;
			buildActionMask = 2147483647;
			files = (
				AFB87C172A5B9A69004A6F3C /* Preview Assets.xcassets in Resources */,
				AFB87C142A5B9A69004A6F3C /* Assets.xcassets in Resources */,
			);
			runOnlyForDeploymentPostprocessing = 0;
		};
		AFB87C1A2A5B9A69004A6F3C /* Resources */ = {
			isa = PBXResourcesBuildPhase;
			buildActionMask = 2147483647;
			files = (
			);
			runOnlyForDeploymentPostprocessing = 0;
		};
		AFB87C242A5B9A69004A6F3C /* Resources */ = {
			isa = PBXResourcesBuildPhase;
			buildActionMask = 2147483647;
			files = (
			);
			runOnlyForDeploymentPostprocessing = 0;
		};
/* End PBXResourcesBuildPhase section */

/* Begin PBXSourcesBuildPhase section */
		AFB87C082A5B9A64004A6F3C /* Sources */ = {
			isa = PBXSourcesBuildPhase;
			buildActionMask = 2147483647;
			files = (
				AFB87C3C2A5B9D1D004A6F3C /* Fetch_iOS_Assignment_2App.swift in Sources */,
				AFB87C122A5B9A64004A6F3C /* ContentView.swift in Sources */,
			);
			runOnlyForDeploymentPostprocessing = 0;
		};
		AFB87C182A5B9A69004A6F3C /* Sources */ = {
			isa = PBXSourcesBuildPhase;
			buildActionMask = 2147483647;
			files = (
				AFB87C212A5B9A69004A6F3C /* Fetch_iOS_Assignment_2Tests.swift in Sources */,
			);
			runOnlyForDeploymentPostprocessing = 0;
		};
		AFB87C222A5B9A69004A6F3C /* Sources */ = {
			isa = PBXSourcesBuildPhase;
			buildActionMask = 2147483647;
			files = (
				AFB87C2B2A5B9A69004A6F3C /* Fetch_iOS_Assignment_2UITests.swift in Sources */,
				AFB87C2D2A5B9A69004A6F3C /* Fetch_iOS_Assignment_2UITestsLaunchTests.swift in Sources */,
			);
			runOnlyForDeploymentPostprocessing = 0;
		};
/* End PBXSourcesBuildPhase section */

/* Begin PBXTargetDependency section */
		AFB87C1E2A5B9A69004A6F3C /* PBXTargetDependency */ = {
			isa = PBXTargetDependency;
			target = AFB87C0B2A5B9A64004A6F3C /* Fetch iOS Assignment 2 */;
			targetProxy = AFB87C1D2A5B9A69004A6F3C /* PBXContainerItemProxy */;
		};
		AFB87C282A5B9A69004A6F3C /* PBXTargetDependency */ = {
			isa = PBXTargetDependency;
			target = AFB87C0B2A5B9A64004A6F3C /* Fetch iOS Assignment 2 */;
			targetProxy = AFB87C272A5B9A69004A6F3C /* PBXContainerItemProxy */;
		};
/* End PBXTargetDependency section */

/* Begin XCBuildConfiguration section */
		AFB87C2E2A5B9A69004A6F3C /* Debug */ = {
			isa = XCBuildConfiguration;
			buildSettings = {
				ALWAYS_SEARCH_USER_PATHS = NO;
				CLANG_ANALYZER_NONNULL = YES;
				CLANG_ANALYZER_NUMBER_OBJECT_CONVERSION = YES_AGGRESSIVE;
				CLANG_CXX_LANGUAGE_STANDARD = "gnu++20";
				CLANG_ENABLE_MODULES = YES;
				CLANG_ENABLE_OBJC_ARC = YES;
				CLANG_ENABLE_OBJC_WEAK = YES;
				CLANG_WARN_BLOCK_CAPTURE_AUTORELEASING = YES;
				CLANG_WARN_BOOL_CONVERSION = YES;
				CLANG_WARN_COMMA = YES;
				CLANG_WARN_CONSTANT_CONVERSION = YES;
				CLANG_WARN_DEPRECATED_OBJC_IMPLEMENTATIONS = YES;
				CLANG_WARN_DIRECT_OBJC_ISA_USAGE = YES_ERROR;
				CLANG_WARN_DOCUMENTATION_COMMENTS = YES;
				CLANG_WARN_EMPTY_BODY = YES;
				CLANG_WARN_ENUM_CONVERSION = YES;
				CLANG_WARN_INFINITE_RECURSION = YES;
				CLANG_WARN_INT_CONVERSION = YES;
				CLANG_WARN_NON_LITERAL_NULL_CONVERSION = YES;
				CLANG_WARN_OBJC_IMPLICIT_RETAIN_SELF = YES;
				CLANG_WARN_OBJC_LITERAL_CONVERSION = YES;
				CLANG_WARN_OBJC_ROOT_CLASS = YES_ERROR;
				CLANG_WARN_QUOTED_INCLUDE_IN_FRAMEWORK_HEADER = YES;
				CLANG_WARN_RANGE_LOOP_ANALYSIS = YES;
				CLANG_WARN_STRICT_PROTOTYPES = YES;
				CLANG_WARN_SUSPICIOUS_MOVE = YES;
				CLANG_WARN_UNGUARDED_AVAILABILITY = YES_AGGRESSIVE;
				CLANG_WARN_UNREACHABLE_CODE = YES;
				CLANG_WARN__DUPLICATE_METHOD_MATCH = YES;
				COPY_PHASE_STRIP = NO;
				DEBUG_INFORMATION_FORMAT = dwarf;
				ENABLE_STRICT_OBJC_MSGSEND = YES;
				ENABLE_TESTABILITY = YES;
				GCC_C_LANGUAGE_STANDARD = gnu11;
				GCC_DYNAMIC_NO_PIC = NO;
				GCC_NO_COMMON_BLOCKS = YES;
				GCC_OPTIMIZATION_LEVEL = 0;
				GCC_PREPROCESSOR_DEFINITIONS = (
					"DEBUG=1",
					"$(inherited)",
				);
				GCC_WARN_64_TO_32_BIT_CONVERSION = YES;
				GCC_WARN_ABOUT_RETURN_TYPE = YES_ERROR;
				GCC_WARN_UNDECLARED_SELECTOR = YES;
				GCC_WARN_UNINITIALIZED_AUTOS = YES_AGGRESSIVE;
				GCC_WARN_UNUSED_FUNCTION = YES;
				GCC_WARN_UNUSED_VARIABLE = YES;
				IPHONEOS_DEPLOYMENT_TARGET = 16.4;
				MTL_ENABLE_DEBUG_INFO = INCLUDE_SOURCE;
				MTL_FAST_MATH = YES;
				ONLY_ACTIVE_ARCH = YES;
				SDKROOT = iphoneos;
				SWIFT_ACTIVE_COMPILATION_CONDITIONS = DEBUG;
				SWIFT_OPTIMIZATION_LEVEL = "-Onone";
			};
			name = Debug;
		};
		AFB87C2F2A5B9A69004A6F3C /* Release */ = {
			isa = XCBuildConfiguration;
			buildSettings = {
				ALWAYS_SEARCH_USER_PATHS = NO;
				CLANG_ANALYZER_NONNULL = YES;
				CLANG_ANALYZER_NUMBER_OBJECT_CONVERSION = YES_AGGRESSIVE;
				CLANG_CXX_LANGUAGE_STANDARD = "gnu++20";
				CLANG_ENABLE_MODULES = YES;
				CLANG_ENABLE_OBJC_ARC = YES;
				CLANG_ENABLE_OBJC_WEAK = YES;
				CLANG_WARN_BLOCK_CAPTURE_AUTORELEASING = YES;
				CLANG_WARN_BOOL_CONVERSION = YES;
				CLANG_WARN_COMMA = YES;
				CLANG_WARN_CONSTANT_CONVERSION = YES;
				CLANG_WARN_DEPRECATED_OBJC_IMPLEMENTATIONS = YES;
				CLANG_WARN_DIRECT_OBJC_ISA_USAGE = YES_ERROR;
				CLANG_WARN_DOCUMENTATION_COMMENTS = YES;
				CLANG_WARN_EMPTY_BODY = YES;
				CLANG_WARN_ENUM_CONVERSION = YES;
				CLANG_WARN_INFINITE_RECURSION = YES;
				CLANG_WARN_INT_CONVERSION = YES;
				CLANG_WARN_NON_LITERAL_NULL_CONVERSION = YES;
				CLANG_WARN_OBJC_IMPLICIT_RETAIN_SELF = YES;
				CLANG_WARN_OBJC_LITERAL_CONVERSION = YES;
				CLANG_WARN_OBJC_ROOT_CLASS = YES_ERROR;
				CLANG_WARN_QUOTED_INCLUDE_IN_FRAMEWORK_HEADER = YES;
				CLANG_WARN_RANGE_LOOP_ANALYSIS = YES;
				CLANG_WARN_STRICT_PROTOTYPES = YES;
				CLANG_WARN_SUSPICIOUS_MOVE = YES;
				CLANG_WARN_UNGUARDED_AVAILABILITY = YES_AGGRESSIVE;
				CLANG_WARN_UNREACHABLE_CODE = YES;
				CLANG_WARN__DUPLICATE_METHOD_MATCH = YES;
				COPY_PHASE_STRIP = NO;
				DEBUG_INFORMATION_FORMAT = "dwarf-with-dsym";
				ENABLE_NS_ASSERTIONS = NO;
				ENABLE_STRICT_OBJC_MSGSEND = YES;
				GCC_C_LANGUAGE_STANDARD = gnu11;
				GCC_NO_COMMON_BLOCKS = YES;
				GCC_WARN_64_TO_32_BIT_CONVERSION = YES;
				GCC_WARN_ABOUT_RETURN_TYPE = YES_ERROR;
				GCC_WARN_UNDECLARED_SELECTOR = YES;
				GCC_WARN_UNINITIALIZED_AUTOS = YES_AGGRESSIVE;
				GCC_WARN_UNUSED_FUNCTION = YES;
				GCC_WARN_UNUSED_VARIABLE = YES;
				IPHONEOS_DEPLOYMENT_TARGET = 16.4;
				MTL_ENABLE_DEBUG_INFO = NO;
				MTL_FAST_MATH = YES;
				SDKROOT = iphoneos;
				SWIFT_COMPILATION_MODE = wholemodule;
				SWIFT_OPTIMIZATION_LEVEL = "-O";
				VALIDATE_PRODUCT = YES;
			};
			name = Release;
		};
		AFB87C312A5B9A69004A6F3C /* Debug */ = {
			isa = XCBuildConfiguration;
			buildSettings = {
				ASSETCATALOG_COMPILER_APPICON_NAME = AppIcon;
				ASSETCATALOG_COMPILER_GLOBAL_ACCENT_COLOR_NAME = AccentColor;
				CODE_SIGN_STYLE = Automatic;
				CURRENT_PROJECT_VERSION = 1;
				DEVELOPMENT_ASSET_PATHS = "\"Fetch iOS Assignment 2/Preview Content\"";
				ENABLE_PREVIEWS = YES;
				GENERATE_INFOPLIST_FILE = YES;
				INFOPLIST_KEY_UIApplicationSceneManifest_Generation = YES;
				INFOPLIST_KEY_UIApplicationSupportsIndirectInputEvents = YES;
				INFOPLIST_KEY_UILaunchScreen_Generation = YES;
				INFOPLIST_KEY_UISupportedInterfaceOrientations_iPad = "UIInterfaceOrientationPortrait UIInterfaceOrientationPortraitUpsideDown UIInterfaceOrientationLandscapeLeft UIInterfaceOrientationLandscapeRight";
				INFOPLIST_KEY_UISupportedInterfaceOrientations_iPhone = "UIInterfaceOrientationPortrait UIInterfaceOrientationLandscapeLeft UIInterfaceOrientationLandscapeRight";
				LD_RUNPATH_SEARCH_PATHS = (
					"$(inherited)",
					"@executable_path/Frameworks",
				);
				MARKETING_VERSION = 1.0;
				PRODUCT_BUNDLE_IDENTIFIER = "saiyyamkochar.Fetch-iOS-Assignment-2";
				PRODUCT_NAME = "$(TARGET_NAME)";
				SWIFT_EMIT_LOC_STRINGS = YES;
				SWIFT_VERSION = 5.0;
				TARGETED_DEVICE_FAMILY = "1,2";
			};
			name = Debug;
		};
		AFB87C322A5B9A69004A6F3C /* Release */ = {
			isa = XCBuildConfiguration;
			buildSettings = {
				ASSETCATALOG_COMPILER_APPICON_NAME = AppIcon;
				ASSETCATALOG_COMPILER_GLOBAL_ACCENT_COLOR_NAME = AccentColor;
				CODE_SIGN_STYLE = Automatic;
				CURRENT_PROJECT_VERSION = 1;
				DEVELOPMENT_ASSET_PATHS = "\"Fetch iOS Assignment 2/Preview Content\"";
				ENABLE_PREVIEWS = YES;
				GENERATE_INFOPLIST_FILE = YES;
				INFOPLIST_KEY_UIApplicationSceneManifest_Generation = YES;
				INFOPLIST_KEY_UIApplicationSupportsIndirectInputEvents = YES;
				INFOPLIST_KEY_UILaunchScreen_Generation = YES;
				INFOPLIST_KEY_UISupportedInterfaceOrientations_iPad = "UIInterfaceOrientationPortrait UIInterfaceOrientationPortraitUpsideDown UIInterfaceOrientationLandscapeLeft UIInterfaceOrientationLandscapeRight";
				INFOPLIST_KEY_UISupportedInterfaceOrientations_iPhone = "UIInterfaceOrientationPortrait UIInterfaceOrientationLandscapeLeft UIInterfaceOrientationLandscapeRight";
				LD_RUNPATH_SEARCH_PATHS = (
					"$(inherited)",
					"@executable_path/Frameworks",
				);
				MARKETING_VERSION = 1.0;
				PRODUCT_BUNDLE_IDENTIFIER = "saiyyamkochar.Fetch-iOS-Assignment-2";
				PRODUCT_NAME = "$(TARGET_NAME)";
				SWIFT_EMIT_LOC_STRINGS = YES;
				SWIFT_VERSION = 5.0;
				TARGETED_DEVICE_FAMILY = "1,2";
			};
			name = Release;
		};
		AFB87C342A5B9A69004A6F3C /* Debug */ = {
			isa = XCBuildConfiguration;
			buildSettings = {
				ALWAYS_EMBED_SWIFT_STANDARD_LIBRARIES = YES;
				BUNDLE_LOADER = "$(TEST_HOST)";
				CODE_SIGN_STYLE = Automatic;
				CURRENT_PROJECT_VERSION = 1;
				GENERATE_INFOPLIST_FILE = YES;
				IPHONEOS_DEPLOYMENT_TARGET = 16.4;
				MARKETING_VERSION = 1.0;
				PRODUCT_BUNDLE_IDENTIFIER = "saiyyamkochar.Fetch-iOS-Assignment-2Tests";
				PRODUCT_NAME = "$(TARGET_NAME)";
				SWIFT_EMIT_LOC_STRINGS = NO;
				SWIFT_VERSION = 5.0;
				TARGETED_DEVICE_FAMILY = "1,2";
				TEST_HOST = "$(BUILT_PRODUCTS_DIR)/Fetch iOS Assignment 2.app/$(BUNDLE_EXECUTABLE_FOLDER_PATH)/Fetch iOS Assignment 2";
			};
			name = Debug;
		};
		AFB87C352A5B9A69004A6F3C /* Release */ = {
			isa = XCBuildConfiguration;
			buildSettings = {
				ALWAYS_EMBED_SWIFT_STANDARD_LIBRARIES = YES;
				BUNDLE_LOADER = "$(TEST_HOST)";
				CODE_SIGN_STYLE = Automatic;
				CURRENT_PROJECT_VERSION = 1;
				GENERATE_INFOPLIST_FILE = YES;
				IPHONEOS_DEPLOYMENT_TARGET = 16.4;
				MARKETING_VERSION = 1.0;
				PRODUCT_BUNDLE_IDENTIFIER = "saiyyamkochar.Fetch-iOS-Assignment-2Tests";
				PRODUCT_NAME = "$(TARGET_NAME)";
				SWIFT_EMIT_LOC_STRINGS = NO;
				SWIFT_VERSION = 5.0;
				TARGETED_DEVICE_FAMILY = "1,2";
				TEST_HOST = "$(BUILT_PRODUCTS_DIR)/Fetch iOS Assignment 2.app/$(BUNDLE_EXECUTABLE_FOLDER_PATH)/Fetch iOS Assignment 2";
			};
			name = Release;
		};
		AFB87C372A5B9A69004A6F3C /* Debug */ = {
			isa = XCBuildConfiguration;
			buildSettings = {
				ALWAYS_EMBED_SWIFT_STANDARD_LIBRARIES = YES;
				CODE_SIGN_STYLE = Automatic;
				CURRENT_PROJECT_VERSION = 1;
				GENERATE_INFOPLIST_FILE = YES;
				MARKETING_VERSION = 1.0;
				PRODUCT_BUNDLE_IDENTIFIER = "saiyyamkochar.Fetch-iOS-Assignment-2UITests";
				PRODUCT_NAME = "$(TARGET_NAME)";
				SWIFT_EMIT_LOC_STRINGS = NO;
				SWIFT_VERSION = 5.0;
				TARGETED_DEVICE_FAMILY = "1,2";
				TEST_TARGET_NAME = "Fetch iOS Assignment 2";
			};
			name = Debug;
		};
		AFB87C382A5B9A69004A6F3C /* Release */ = {
			isa = XCBuildConfiguration;
			buildSettings = {
				ALWAYS_EMBED_SWIFT_STANDARD_LIBRARIES = YES;
				CODE_SIGN_STYLE = Automatic;
				CURRENT_PROJECT_VERSION = 1;
				GENERATE_INFOPLIST_FILE = YES;
				MARKETING_VERSION = 1.0;
				PRODUCT_BUNDLE_IDENTIFIER = "saiyyamkochar.Fetch-iOS-Assignment-2UITests";
				PRODUCT_NAME = "$(TARGET_NAME)";
				SWIFT_EMIT_LOC_STRINGS = NO;
				SWIFT_VERSION = 5.0;
				TARGETED_DEVICE_FAMILY = "1,2";
				TEST_TARGET_NAME = "Fetch iOS Assignment 2";
			};
			name = Release;
		};
/* End XCBuildConfiguration section */

/* Begin XCConfigurationList section */
		AFB87C072A5B9A63004A6F3C /* Build configuration list for PBXProject "Fetch iOS Assignment 2" */ = {
			isa = XCConfigurationList;
			buildConfigurations = (
				AFB87C2E2A5B9A69004A6F3C /* Debug */,
				AFB87C2F2A5B9A69004A6F3C /* Release */,
			);
			defaultConfigurationIsVisible = 0;
			defaultConfigurationName = Release;
		};
		AFB87C302A5B9A69004A6F3C /* Build configuration list for PBXNativeTarget "Fetch iOS Assignment 2" */ = {
			isa = XCConfigurationList;
			buildConfigurations = (
				AFB87C312A5B9A69004A6F3C /* Debug */,
				AFB87C322A5B9A69004A6F3C /* Release */,
			);
			defaultConfigurationIsVisible = 0;
			defaultConfigurationName = Release;
		};
		AFB87C332A5B9A69004A6F3C /* Build configuration list for PBXNativeTarget "Fetch iOS Assignment 2Tests" */ = {
			isa = XCConfigurationList;
			buildConfigurations = (
				AFB87C342A5B9A69004A6F3C /* Debug */,
				AFB87C352A5B9A69004A6F3C /* Release */,
			);
			defaultConfigurationIsVisible = 0;
			defaultConfigurationName = Release;
		};
		AFB87C362A5B9A69004A6F3C /* Build configuration list for PBXNativeTarget "Fetch iOS Assignment 2UITests" */ = {
			isa = XCConfigurationList;
			buildConfigurations = (
				AFB87C372A5B9A69004A6F3C /* Debug */,
				AFB87C382A5B9A69004A6F3C /* Release */,
			);
			defaultConfigurationIsVisible = 0;
			defaultConfigurationName = Release;
		};
/* End XCConfigurationList section */
	};
	rootObject = AFB87C042A5B9A63004A6F3C /* Project object */;
}
